
Microsoft Visual Studio Solution File, Format Version 12.00
# Visual Studio Version 16
VisualStudioVersion = 16.0.31702.278
MinimumVisualStudioVersion = 10.0.40219.1
Project("{8BC9CEB8-8B4A-11D0-8D11-00A0C91BC942}") = "c-cpp", "c-cpp\c-cpp.vcxproj", "{C214E277-DFAC-4933-968F-941BA459F02A}"
EndProject
Global
	GlobalSection(SolutionConfigurationPlatforms) = preSolution
		Debug|x64 = Debug|x64
		Debug|x86 = Debug|x86
		Release|x64 = Release|x64
		Release|x86 = Release|x86
	EndGlobalSection
	GlobalSection(ProjectConfigurationPlatforms) = postSolution
		{C214E277-DFAC-4933-968F-941BA459F02A}.Debug|x64.ActiveCfg = Debug|x64
		{C214E277-DFAC-4933-968F-941BA459F02A}.Debug|x64.Build.0 = Debug|x64
		{C214E277-DFAC-4933-968F-941BA459F02A}.Debug|x86.ActiveCfg = Debug|Win32
		{C214E277-DFAC-4933-968F-941BA459F02A}.Debug|x86.Build.0 = Debug|Win32
		{C214E277-DFAC-4933-968F-941BA459F02A}.Release|x64.ActiveCfg = Release|x64
		{C214E277-DFAC-4933-968F-941BA459F02A}.Release|x64.Build.0 = Release|x64
		{C214E277-DFAC-4933-968F-941BA459F02A}.Release|x86.ActiveCfg = Release|Win32
		{C214E277-DFAC-4933-968F-941BA459F02A}.Release|x86.Build.0 = Release|Win32
	EndGlobalSection
	GlobalSection(SolutionProperties) = preSolution
		HideSolutionNode = FALSE
	EndGlobalSection
	GlobalSection(ExtensibilityGlobals) = postSolution
		SolutionGuid = {471EC8D9-B316-40E6-AA97-8BD36BA97519}
	EndGlobalSection
EndGlobal
